
Microsoft Visual Studio Solution File, Format Version 12.00
# Visual Studio Version 17
VisualStudioVersion = 17.0.32014.148
MinimumVisualStudioVersion = 10.0.40219.1
Project("{FAE04EC0-301F-11D3-BF4B-00C04F79EFBC}") = "code file 5", "code file 5.csproj", "{9E38ACEC-F110-43EB-8DB4-7B518D0649D9}"
EndProject
Global
	GlobalSection(SolutionConfigurationPlatforms) = preSolution
		Debug|Any CPU = Debug|Any CPU
		Release|Any CPU = Release|Any CPU
	EndGlobalSection
	GlobalSection(ProjectConfigurationPlatforms) = postSolution
		{9E38ACEC-F110-43EB-8DB4-7B518D0649D9}.Debug|Any CPU.ActiveCfg = Debug|Any CPU
		{9E38ACEC-F110-43EB-8DB4-7B518D0649D9}.Debug|Any CPU.Build.0 = Debug|Any CPU
		{9E38ACEC-F110-43EB-8DB4-7B518D0649D9}.Release|Any CPU.ActiveCfg = Release|Any CPU
		{9E38ACEC-F110-43EB-8DB4-7B518D0649D9}.Release|Any CPU.Build.0 = Release|Any CPU
	EndGlobalSection
	GlobalSection(SolutionProperties) = preSolution
		HideSolutionNode = FALSE
	EndGlobalSection
	GlobalSection(ExtensibilityGlobals) = postSolution
		SolutionGuid = {1D275463-C181-4ED9-9770-C656385DB4F8}
	EndGlobalSection
EndGlobal
